Microsoft Visual Studio Solution File, Format Version 12.00
# Visual Studio Version 17
VisualStudioVersion = 17.13.35919.96
MinimumVisualStudioVersion = 10.0.40219.1
Project("{FAE04EC0-301F-11D3-BF4B-00C04F79EFBC}") = "Burguer404.Api", "Burguer404.Api\Burguer404.Api.csproj", "{D38A25E0-B275-4850-94B7-842F86E9ED53}"
EndProject
Project("{2150E333-8FDC-42A3-9474-1A3956D46DE8}") = "Backend", "Backend", "{02EA681E-C7D8-13C7-8484-4AC65E1B71E8}"
EndProject
Project("{FAE04EC0-301F-11D3-BF4B-00C04F79EFBC}") = "Burguer404.Infrastructure.Data", "Burguer404.Infrastructure\Burguer404.Infrastructure.Data.csproj", "{081C59B9-29B5-4F73-974B-80EE10A7BB54}"
EndProject
Project("{FAE04EC0-301F-11D3-BF4B-00C04F79EFBC}") = "Burguer404.Application", "Burguer404.Application\Burguer404.Application.csproj", "{DF3A1ABC-B287-4FE7-AAA5-6C6058E873D6}"
EndProject
Project("{FAE04EC0-301F-11D3-BF4B-00C04F79EFBC}") = "Burguer404.Domain", "Burguer404.Domain\Burguer404.Domain.csproj", "{B3CBD4A4-E0F5-45C5-80B7-F2A1928AA41D}"
EndProject
Project("{FAE04EC0-301F-11D3-BF4B-00C04F79EFBC}") = "Burguer404.Infrastructure.Pagamentos", "Burguer404.Infrastructure.Pagamentos\Burguer404.Infrastructure.Pagamentos.csproj", "{E8B2F51D-7826-4641-9643-3FE8D35E5437}"
EndProject
Project("{FAE04EC0-301F-11D3-BF4B-00C04F79EFBC}") = "Burguer404.Configurations", "Burguer404.Configurations\Burguer404.Configurations.csproj", "{27DC002C-553A-49E3-BCE1-F1E326F937F1}"
EndProject
Project("{2150E333-8FDC-42A3-9474-1A3956D46DE8}") = "Frontend", "Frontend", "{9DBB01F4-B261-44EA-A177-A37CDC7703E2}"
EndProject
Project("{FAE04EC0-301F-11D3-BF4B-00C04F79EFBC}") = "Burguer404.Frontend", "Burguer404.Frontend\Burguer404.Frontend.csproj", "{E7C94B49-8176-4F05-B1F3-4E90126BEE91}"
EndProject
Project("{E53339B2-1760-4266-BCC7-CA923CBCF16C}") = "docker-compose", "docker-compose.dcproj", "{81DDED9D-158B-E303-5F62-77A2896D2A5A}"
EndProject
Project("{FAE04EC0-301F-11D3-BF4B-00C04F79EFBC}") = "Burguer404.Api.Tests", "Burguer404.Api.Tests\Burguer404.Api.Tests.csproj", "{B6A4C113-0343-2FAA-019D-DFCB96A6FF99}"
EndProject
Project("{2150E333-8FDC-42A3-9474-1A3956D46DE8}") = "k8s", "k8s", "{F43827F3-62D8-4AF9-BCED-C94F4A4D7E78}"
	ProjectSection(SolutionItems) = preProject
		backend-deployment.yaml = backend-deployment.yaml
		backend-service.yaml = backend-service.yaml
		configmap.yaml = configmap.yaml
		db-deployment.yaml = db-deployment.yaml
		db-service.yaml = db-service.yaml
		frontend-deployment.yaml = frontend-deployment.yaml
		frontend-service.yaml = frontend-service.yaml
		hpa-backend.yaml = hpa-backend.yaml
		hpa-db.yaml = hpa-db.yaml
		hpa-frontend.yaml = hpa-frontend.yaml
		metrics.yaml = metrics.yaml
		secret.yaml = secret.yaml
	EndProjectSection
EndProject
Project("{FAE04EC0-301F-11D3-BF4B-00C04F79EFBC}") = "Burguer404.Infrastructure.Auth", "Burguer404.Infrastructure.Auth\Burguer404.Infrastructure.Auth.csproj", "{21E4FC68-4A43-4A0F-9B04-A07C05EF3120}"
EndProject
Project("{2150E333-8FDC-42A3-9474-1A3956D46DE8}") = "Infra", "Infra", "{49D869CF-65A6-4708-8EAD-F4ECFDDCAF73}"
EndProject
Project("{2150E333-8FDC-42A3-9474-1A3956D46DE8}") = "terraform", "terraform", "{4337215C-201C-4A80-A043-8B28845BDADF}"
	ProjectSection(SolutionItems) = preProject
		main.tf = main.tf
		version.tf = version.tf
	EndProjectSection
EndProject
Project("{2150E333-8FDC-42A3-9474-1A3956D46DE8}") = ".github", ".github", "{C7CD9C62-1BDA-4651-B66A-7AA98424AA4F}"
EndProject
Project("{2150E333-8FDC-42A3-9474-1A3956D46DE8}") = "workflows", "workflows", "{69EC4B02-8320-432D-87EB-7596870B8EB7}"
	ProjectSection(SolutionItems) = preProject
		deploy.yml = deploy.yml
	EndProjectSection
EndProject
Global
	GlobalSection(SolutionConfigurationPlatforms) = preSolution
		Debug|Any CPU = Debug|Any CPU
		Release|Any CPU = Release|Any CPU
	EndGlobalSection
	GlobalSection(ProjectConfigurationPlatforms) = postSolution
		{D38A25E0-B275-4850-94B7-842F86E9ED53}.Debug|Any CPU.ActiveCfg = Debug|Any CPU
		{D38A25E0-B275-4850-94B7-842F86E9ED53}.Debug|Any CPU.Build.0 = Debug|Any CPU
		{D38A25E0-B275-4850-94B7-842F86E9ED53}.Release|Any CPU.ActiveCfg = Release|Any CPU
		{D38A25E0-B275-4850-94B7-842F86E9ED53}.Release|Any CPU.Build.0 = Release|Any CPU
		{081C59B9-29B5-4F73-974B-80EE10A7BB54}.Debug|Any CPU.ActiveCfg = Debug|Any CPU
		{081C59B9-29B5-4F73-974B-80EE10A7BB54}.Debug|Any CPU.Build.0 = Debug|Any CPU
		{081C59B9-29B5-4F73-974B-80EE10A7BB54}.Release|Any CPU.ActiveCfg = Release|Any CPU
		{081C59B9-29B5-4F73-974B-80EE10A7BB54}.Release|Any CPU.Build.0 = Release|Any CPU
		{DF3A1ABC-B287-4FE7-AAA5-6C6058E873D6}.Debug|Any CPU.ActiveCfg = Debug|Any CPU
		{DF3A1ABC-B287-4FE7-AAA5-6C6058E873D6}.Debug|Any CPU.Build.0 = Debug|Any CPU
		{DF3A1ABC-B287-4FE7-AAA5-6C6058E873D6}.Release|Any CPU.ActiveCfg = Release|Any CPU
		{DF3A1ABC-B287-4FE7-AAA5-6C6058E873D6}.Release|Any CPU.Build.0 = Release|Any CPU
		{B3CBD4A4-E0F5-45C5-80B7-F2A1928AA41D}.Debug|Any CPU.ActiveCfg = Debug|Any CPU
		{B3CBD4A4-E0F5-45C5-80B7-F2A1928AA41D}.Debug|Any CPU.Build.0 = Debug|Any CPU
		{B3CBD4A4-E0F5-45C5-80B7-F2A1928AA41D}.Release|Any CPU.ActiveCfg = Release|Any CPU
		{B3CBD4A4-E0F5-45C5-80B7-F2A1928AA41D}.Release|Any CPU.Build.0 = Release|Any CPU
		{E8B2F51D-7826-4641-9643-3FE8D35E5437}.Debug|Any CPU.ActiveCfg = Debug|Any CPU
		{E8B2F51D-7826-4641-9643-3FE8D35E5437}.Debug|Any CPU.Build.0 = Debug|Any CPU
		{E8B2F51D-7826-4641-9643-3FE8D35E5437}.Release|Any CPU.ActiveCfg = Release|Any CPU
		{E8B2F51D-7826-4641-9643-3FE8D35E5437}.Release|Any CPU.Build.0 = Release|Any CPU
		{27DC002C-553A-49E3-BCE1-F1E326F937F1}.Debug|Any CPU.ActiveCfg = Debug|Any CPU
		{27DC002C-553A-49E3-BCE1-F1E326F937F1}.Debug|Any CPU.Build.0 = Debug|Any CPU
		{27DC002C-553A-49E3-BCE1-F1E326F937F1}.Release|Any CPU.ActiveCfg = Release|Any CPU
		{27DC002C-553A-49E3-BCE1-F1E326F937F1}.Release|Any CPU.Build.0 = Release|Any CPU
		{E7C94B49-8176-4F05-B1F3-4E90126BEE91}.Debug|Any CPU.ActiveCfg = Debug|Any CPU
		{E7C94B49-8176-4F05-B1F3-4E90126BEE91}.Debug|Any CPU.Build.0 = Debug|Any CPU
		{E7C94B49-8176-4F05-B1F3-4E90126BEE91}.Release|Any CPU.ActiveCfg = Release|Any CPU
		{E7C94B49-8176-4F05-B1F3-4E90126BEE91}.Release|Any CPU.Build.0 = Release|Any CPU
		{81DDED9D-158B-E303-5F62-77A2896D2A5A}.Debug|Any CPU.ActiveCfg = Debug|Any CPU
		{81DDED9D-158B-E303-5F62-77A2896D2A5A}.Debug|Any CPU.Build.0 = Debug|Any CPU
		{81DDED9D-158B-E303-5F62-77A2896D2A5A}.Release|Any CPU.ActiveCfg = Release|Any CPU
		{81DDED9D-158B-E303-5F62-77A2896D2A5A}.Release|Any CPU.Build.0 = Release|Any CPU
		{B6A4C113-0343-2FAA-019D-DFCB96A6FF99}.Debug|Any CPU.ActiveCfg = Debug|Any CPU
		{B6A4C113-0343-2FAA-019D-DFCB96A6FF99}.Debug|Any CPU.Build.0 = Debug|Any CPU
		{B6A4C113-0343-2FAA-019D-DFCB96A6FF99}.Release|Any CPU.ActiveCfg = Release|Any CPU
		{B6A4C113-0343-2FAA-019D-DFCB96A6FF99}.Release|Any CPU.Build.0 = Release|Any CPU
		{21E4FC68-4A43-4A0F-9B04-A07C05EF3120}.Debug|Any CPU.ActiveCfg = Debug|Any CPU
		{21E4FC68-4A43-4A0F-9B04-A07C05EF3120}.Debug|Any CPU.Build.0 = Debug|Any CPU
		{21E4FC68-4A43-4A0F-9B04-A07C05EF3120}.Release|Any CPU.ActiveCfg = Release|Any CPU
		{21E4FC68-4A43-4A0F-9B04-A07C05EF3120}.Release|Any CPU.Build.0 = Release|Any CPU
	EndGlobalSection
	GlobalSection(SolutionProperties) = preSolution
		HideSolutionNode = FALSE
	EndGlobalSection
	GlobalSection(NestedProjects) = preSolution
		{D38A25E0-B275-4850-94B7-842F86E9ED53} = {02EA681E-C7D8-13C7-8484-4AC65E1B71E8}
		{081C59B9-29B5-4F73-974B-80EE10A7BB54} = {02EA681E-C7D8-13C7-8484-4AC65E1B71E8}
		{DF3A1ABC-B287-4FE7-AAA5-6C6058E873D6} = {02EA681E-C7D8-13C7-8484-4AC65E1B71E8}
		{B3CBD4A4-E0F5-45C5-80B7-F2A1928AA41D} = {02EA681E-C7D8-13C7-8484-4AC65E1B71E8}
		{E8B2F51D-7826-4641-9643-3FE8D35E5437} = {02EA681E-C7D8-13C7-8484-4AC65E1B71E8}
		{27DC002C-553A-49E3-BCE1-F1E326F937F1} = {02EA681E-C7D8-13C7-8484-4AC65E1B71E8}
		{E7C94B49-8176-4F05-B1F3-4E90126BEE91} = {9DBB01F4-B261-44EA-A177-A37CDC7703E2}
		{B6A4C113-0343-2FAA-019D-DFCB96A6FF99} = {02EA681E-C7D8-13C7-8484-4AC65E1B71E8}
		{21E4FC68-4A43-4A0F-9B04-A07C05EF3120} = {02EA681E-C7D8-13C7-8484-4AC65E1B71E8}
		{4337215C-201C-4A80-A043-8B28845BDADF} = {49D869CF-65A6-4708-8EAD-F4ECFDDCAF73}
		{69EC4B02-8320-432D-87EB-7596870B8EB7} = {C7CD9C62-1BDA-4651-B66A-7AA98424AA4F}
	EndGlobalSection
	GlobalSection(ExtensibilityGlobals) = postSolution
		SolutionGuid = {14AA9200-AD9D-4763-8AD2-A072CB6174D7}
	EndGlobalSection
EndGlobal
